schema: '2.0'
stages:
  split:
    cmd: python src/data/data_split.py
    deps:
    - path: data/raw_data/raw.csv
      hash: md5
      md5: 617b56af2992376d5c3e91ad80823898
      size: 333757
    - path: src/data/data_split.py
      hash: md5
      md5: fec5e1b10fba4614238d22a017125158
      size: 1302
    - path: src/data/params.yaml
      hash: md5
      md5: dba2461aa72d2609a6ec315680860d1f
      size: 302
    outs:
    - path: data/processed_data/X_test.csv
      hash: md5
      md5: d3be1be617366bc81a9254f075039b51
      size: 78770
    - path: data/processed_data/X_train.csv
      hash: md5
      md5: 38e9f56c92d20ee33257e3918c901e7e
      size: 183322
    - path: data/processed_data/y_test.csv
      hash: md5
      md5: e064ea83fe860a49b9e9cfab1e8ec5a7
      size: 9697
    - path: data/processed_data/y_train.csv
      hash: md5
      md5: 4f1097f0b9053f0a94904c047541877f
      size: 22710
  normalize:
    cmd: python src/data/normalize.py
    deps:
    - path: data/processed_data/X_test.csv
      hash: md5
      md5: d3be1be617366bc81a9254f075039b51
      size: 78770
    - path: data/processed_data/X_train.csv
      hash: md5
      md5: 38e9f56c92d20ee33257e3918c901e7e
      size: 183322
    - path: src/data/normalize.py
      hash: md5
      md5: f92d4562a32a5994e8da86e011c73cdb
      size: 1915
    outs:
    - path: data/processed_data/X_test_scaled.csv
      hash: md5
      md5: 306bd5551feb5a1852b9969b57e740a8
      size: 85437
    - path: data/processed_data/X_train_scaled.csv
      hash: md5
      md5: 41c0d8ca5d92b44b00b18db4d7d6db9d
      size: 198675
  gridsearch:
    cmd: python src/models/grid_search.py
    deps:
    - path: data/processed_data/X_train_scaled.csv
      hash: md5
      md5: 41c0d8ca5d92b44b00b18db4d7d6db9d
      size: 198675
    - path: data/processed_data/y_train.csv
      hash: md5
      md5: 4f1097f0b9053f0a94904c047541877f
      size: 22710
    - path: src/data/params.yaml
      hash: md5
      md5: dba2461aa72d2609a6ec315680860d1f
      size: 302
    - path: src/models/grid_search.py
      hash: md5
      md5: 6a1887a90238338dd63c83a65ed4d93e
      size: 1745
    outs:
    - path: models/best_params.pkl
      hash: md5
      md5: d7b2a32d4bdae93308e2dc25545537ba
      size: 115
